{"is_source_file": false, "format": "", "description": "", "external_files": [], "external_methods": [], "published": [], "classes": [], "methods": [], "calls": [], "search-terms": [], "state": 2, "file_id": 25, "knowledge_revision": 52, "git_revision": "9a8dfc3cebdb4cf85b8ddd2aea53395d0a3f8ac2", "hash": "e9b4c3b42cef0193b7fddb548d37e652", "format-version": 4, "code-base-name": "default", "filename": "event_management_backend_workspace/event_management_backend/post_process_status.lock", "revision_history": [{"52": "9a8dfc3cebdb4cf85b8ddd2aea53395d0a3f8ac2"}]}